
Microsoft Visual Studio Solution File, Format Version 12.00
# Visual Studio Version 16
VisualStudioVersion = 16.0.30114.105
MinimumVisualStudioVersion = 10.0.40219.1
Project("{FAE04EC0-301F-11D3-BF4B-00C04F79EFBC}") = "Lab03-ReviewOfCSharp", "Lab03-ReviewOfCSharp\Lab03-ReviewOfCSharp.csproj", "{12504CD4-0901-49F6-ACC2-FB6F6F6DEAF4}"
EndProject
Project("{FAE04EC0-301F-11D3-BF4B-00C04F79EFBC}") = "XUnitTest-Lab03", "XUnitTest-Lab03\XUnitTest-Lab03.csproj", "{EEA80A67-57C0-433E-90BD-B9CA7BB121CB}"
EndProject
Global
	GlobalSection(SolutionConfigurationPlatforms) = preSolution
		Debug|Any CPU = Debug|Any CPU
		Release|Any CPU = Release|Any CPU
	EndGlobalSection
	GlobalSection(ProjectConfigurationPlatforms) = postSolution
		{12504CD4-0901-49F6-ACC2-FB6F6F6DEAF4}.Debug|Any CPU.ActiveCfg = Debug|Any CPU
		{12504CD4-0901-49F6-ACC2-FB6F6F6DEAF4}.Debug|Any CPU.Build.0 = Debug|Any CPU
		{12504CD4-0901-49F6-ACC2-FB6F6F6DEAF4}.Release|Any CPU.ActiveCfg = Release|Any CPU
		{12504CD4-0901-49F6-ACC2-FB6F6F6DEAF4}.Release|Any CPU.Build.0 = Release|Any CPU
		{EEA80A67-57C0-433E-90BD-B9CA7BB121CB}.Debug|Any CPU.ActiveCfg = Debug|Any CPU
		{EEA80A67-57C0-433E-90BD-B9CA7BB121CB}.Debug|Any CPU.Build.0 = Debug|Any CPU
		{EEA80A67-57C0-433E-90BD-B9CA7BB121CB}.Release|Any CPU.ActiveCfg = Release|Any CPU
		{EEA80A67-57C0-433E-90BD-B9CA7BB121CB}.Release|Any CPU.Build.0 = Release|Any CPU
	EndGlobalSection
	GlobalSection(SolutionProperties) = preSolution
		HideSolutionNode = FALSE
	EndGlobalSection
	GlobalSection(ExtensibilityGlobals) = postSolution
		SolutionGuid = {EEEBCFA8-87FF-464B-B091-717AC3E196CC}
	EndGlobalSection
EndGlobal
